// !$*UTF8*$!
{
	archiveVersion = 1;
	classes = {
	};
	objectVersion = 46;
	objects = {

/* Begin PBXBuildFile section */
		BF7243C71A37818F00B76D40 /* VMFloatLabelTextField.swift in Sources */ = {isa = PBXBuildFile; fileRef = BF7243C51A37818F00B76D40 /* VMFloatLabelTextField.swift */; };
		BF7243C81A37818F00B76D40 /* VMFloatLabelTextView.swift in Sources */ = {isa = PBXBuildFile; fileRef = BF7243C61A37818F00B76D40 /* VMFloatLabelTextView.swift */; };
		BF8208CF1A35AE7900EC4255 /* AppDelegate.swift in Sources */ = {isa = PBXBuildFile; fileRef = BF8208CE1A35AE7900EC4255 /* AppDelegate.swift */; };
		BF8208D11A35AE7900EC4255 /* ViewController.swift in Sources */ = {isa = PBXBuildFile; fileRef = BF8208D01A35AE7900EC4255 /* ViewController.swift */; };
		BF8208D41A35AE7900EC4255 /* Main.storyboard in Resources */ = {isa = PBXBuildFile; fileRef = BF8208D21A35AE7900EC4255 /* Main.storyboard */; };
		BF8208D61A35AE7900EC4255 /* Images.xcassets in Resources */ = {isa = PBXBuildFile; fileRef = BF8208D51A35AE7900EC4255 /* Images.xcassets */; };
		BF8208D91A35AE7900EC4255 /* LaunchScreen.xib in Resources */ = {isa = PBXBuildFile; fileRef = BF8208D71A35AE7900EC4255 /* LaunchScreen.xib */; };
		BF8208E51A35AE7900EC4255 /* VMFloatLabeledTests.swift in Sources */ = {isa = PBXBuildFile; fileRef = BF8208E41A35AE7900EC4255 /* VMFloatLabeledTests.swift */; };
/* End PBXBuildFile section */

/* Begin PBXContainerItemProxy section */
		BF8208DF1A35AE7900EC4255 /* PBXContainerItemProxy */ = {
			isa = PBXContainerItemProxy;
			containerPortal = BF8208C11A35AE7800EC4255 /* Project object */;
			proxyType = 1;
			remoteGlobalIDString = BF8208C81A35AE7900EC4255;
			remoteInfo = VMFloatLabeled;
		};
/* End PBXContainerItemProxy section */

/* Begin PBXFileReference section */
		BF7243C51A37818F00B76D40 /* VMFloatLabelTextField.swift */ = {isa = PBXFileReference; fileEncoding = 4; lastKnownFileType = sourcecode.swift; path = VMFloatLabelTextField.swift; sourceTree = "<group>"; };
		BF7243C61A37818F00B76D40 /* VMFloatLabelTextView.swift */ = {isa = PBXFileReference; fileEncoding = 4; lastKnownFileType = sourcecode.swift; path = VMFloatLabelTextView.swift; sourceTree = "<group>"; };
		BF8208C91A35AE7900EC4255 /* VMFloatLabeled.app */ = {isa = PBXFileReference; explicitFileType = wrapper.application; includeInIndex = 0; path = VMFloatLabeled.app; sourceTree = BUILT_PRODUCTS_DIR; };
		BF8208CD1A35AE7900EC4255 /* Info.plist */ = {isa = PBXFileReference; lastKnownFileType = text.plist.xml; path = Info.plist; sourceTree = "<group>"; };
		BF8208CE1A35AE7900EC4255 /* AppDelegate.swift */ = {isa = PBXFileReference; lastKnownFileType = sourcecode.swift; path = AppDelegate.swift; sourceTree = "<group>"; };
		BF8208D01A35AE7900EC4255 /* ViewController.swift */ = {isa = PBXFileReference; lastKnownFileType = sourcecode.swift; path = ViewController.swift; sourceTree = "<group>"; };
		BF8208D31A35AE7900EC4255 /* Base */ = {isa = PBXFileReference; lastKnownFileType = file.storyboard; name = Base; path = Base.lproj/Main.storyboard; sourceTree = "<group>"; };
		BF8208D51A35AE7900EC4255 /* Images.xcassets */ = {isa = PBXFileReference; lastKnownFileType = folder.assetcatalog; path = Images.xcassets; sourceTree = "<group>"; };
		BF8208D81A35AE7900EC4255 /* Base */ = {isa = PBXFileReference; lastKnownFileType = file.xib; name = Base; path = Base.lproj/LaunchScreen.xib; sourceTree = "<group>"; };
		BF8208DE1A35AE7900EC4255 /* VMFloatLabeledTests.xctest */ = {isa = PBXFileReference; explicitFileType = wrapper.cfbundle; includeInIndex = 0; path = VMFloatLabeledTests.xctest; sourceTree = BUILT_PRODUCTS_DIR; };
		BF8208E31A35AE7900EC4255 /* Info.plist */ = {isa = PBXFileReference; lastKnownFileType = text.plist.xml; path = Info.plist; sourceTree = "<group>"; };
		BF8208E41A35AE7900EC4255 /* VMFloatLabeledTests.swift */ = {isa = PBXFileReference; lastKnownFileType = sourcecode.swift; path = VMFloatLabeledTests.swift; sourceTree = "<group>"; };
/* End PBXFileReference section */

/* Begin PBXFrameworksBuildPhase section */
		BF8208C61A35AE7900EC4255 /* Frameworks */ = {
			isa = PBXFrameworksBuildPhase;
			buildActionMask = 2147483647;
			files = (
			);
			runOnlyForDeploymentPostprocessing = 0;
		};
		BF8208DB1A35AE7900EC4255 /* Frameworks */ = {
			isa = PBXFrameworksBuildPhase;
			buildActionMask = 2147483647;
			files = (
			);
			runOnlyForDeploymentPostprocessing = 0;
		};
/* End PBXFrameworksBuildPhase section */

/* Begin PBXGroup section */
		BF8208C01A35AE7800EC4255 = {
			isa = PBXGroup;
			children = (
				BF8208CB1A35AE7900EC4255 /* VMFloatLabeled */,
				BF8208E11A35AE7900EC4255 /* VMFloatLabeledTests */,
				BF8208CA1A35AE7900EC4255 /* Products */,
			);
			sourceTree = "<group>";
		};
		BF8208CA1A35AE7900EC4255 /* Products */ = {
			isa = PBXGroup;
			children = (
				BF8208C91A35AE7900EC4255 /* VMFloatLabeled.app */,
				BF8208DE1A35AE7900EC4255 /* VMFloatLabeledTests.xctest */,
			);
			name = Products;
			sourceTree = "<group>";
		};
		BF8208CB1A35AE7900EC4255 /* VMFloatLabeled */ = {
			isa = PBXGroup;
			children = (
				BF7243C51A37818F00B76D40 /* VMFloatLabelTextField.swift */,
				BF7243C61A37818F00B76D40 /* VMFloatLabelTextView.swift */,
				BF8208CE1A35AE7900EC4255 /* AppDelegate.swift */,
				BF8208D01A35AE7900EC4255 /* ViewController.swift */,
				BF8208D21A35AE7900EC4255 /* Main.storyboard */,
				BF8208D51A35AE7900EC4255 /* Images.xcassets */,
				BF8208D71A35AE7900EC4255 /* LaunchScreen.xib */,
				BF8208CC1A35AE7900EC4255 /* Supporting Files */,
			);
			path = VMFloatLabeled;
			sourceTree = "<group>";
		};
		BF8208CC1A35AE7900EC4255 /* Supporting Files */ = {
			isa = PBXGroup;
			children = (
				BF8208CD1A35AE7900EC4255 /* Info.plist */,
			);
			name = "Supporting Files";
			sourceTree = "<group>";
		};
		BF8208E11A35AE7900EC4255 /* VMFloatLabeledTests */ = {
			isa = PBXGroup;
			children = (
				BF8208E41A35AE7900EC4255 /* VMFloatLabeledTests.swift */,
				BF8208E21A35AE7900EC4255 /* Supporting Files */,
			);
			path = VMFloatLabeledTests;
			sourceTree = "<group>";
		};
		BF8208E21A35AE7900EC4255 /* Supporting Files */ = {
			isa = PBXGroup;
			children = (
				BF8208E31A35AE7900EC4255 /* Info.plist */,
			);
			name = "Supporting Files";
			sourceTree = "<group>";
		};
/* End PBXGroup section */

/* Begin PBXNativeTarget section */
		BF8208C81A35AE7900EC4255 /* VMFloatLabeled */ = {
			isa = PBXNativeTarget;
			buildConfigurationList = BF8208E81A35AE7900EC4255 /* Build configuration list for PBXNativeTarget "VMFloatLabeled" */;
			buildPhases = (
				BF8208C51A35AE7900EC4255 /* Sources */,
				BF8208C61A35AE7900EC4255 /* Frameworks */,
				BF8208C71A35AE7900EC4255 /* Resources */,
			);
			buildRules = (
			);
			dependencies = (
			);
			name = VMFloatLabeled;
			productName = VMFloatLabeled;
			productReference = BF8208C91A35AE7900EC4255 /* VMFloatLabeled.app */;
			productType = "com.apple.product-type.application";
		};
		BF8208DD1A35AE7900EC4255 /* VMFloatLabeledTests */ = {
			isa = PBXNativeTarget;
			buildConfigurationList = BF8208EB1A35AE7900EC4255 /* Build configuration list for PBXNativeTarget "VMFloatLabeledTests" */;
			buildPhases = (
				BF8208DA1A35AE7900EC4255 /* Sources */,
				BF8208DB1A35AE7900EC4255 /* Frameworks */,
				BF8208DC1A35AE7900EC4255 /* Resources */,
			);
			buildRules = (
			);
			dependencies = (
				BF8208E01A35AE7900EC4255 /* PBXTargetDependency */,
			);
			name = VMFloatLabeledTests;
			productName = VMFloatLabeledTests;
			productReference = BF8208DE1A35AE7900EC4255 /* VMFloatLabeledTests.xctest */;
			productType = "com.apple.product-type.bundle.unit-test";
		};
/* End PBXNativeTarget section */

/* Begin PBXProject section */
		BF8208C11A35AE7800EC4255 /* Project object */ = {
			isa = PBXProject;
			attributes = {
				LastUpgradeCheck = 0610;
				ORGANIZATIONNAME = "Varshyl Mobile Pvt. Ltd.";
				TargetAttributes = {
					BF8208C81A35AE7900EC4255 = {
						CreatedOnToolsVersion = 6.1;
					};
					BF8208DD1A35AE7900EC4255 = {
						CreatedOnToolsVersion = 6.1;
						TestTargetID = BF8208C81A35AE7900EC4255;
					};
				};
			};
			buildConfigurationList = BF8208C41A35AE7800EC4255 /* Build configuration list for PBXProject "VMFloatLabeled" */;
			compatibilityVersion = "Xcode 3.2";
			developmentRegion = English;
			hasScannedForEncodings = 0;
			knownRegions = (
				en,
				Base,
			);
			mainGroup = BF8208C01A35AE7800EC4255;
			productRefGroup = BF8208CA1A35AE7900EC4255 /* Products */;
			projectDirPath = "";
			projectRoot = "";
			targets = (
				BF8208C81A35AE7900EC4255 /* VMFloatLabeled */,
				BF8208DD1A35AE7900EC4255 /* VMFloatLabeledTests */,
			);
		};
/* End PBXProject section */

/* Begin PBXResourcesBuildPhase section */
		BF8208C71A35AE7900EC4255 /* Resources */ = {
			isa = PBXResourcesBuildPhase;
			buildActionMask = 2147483647;
			files = (
				BF8208D41A35AE7900EC4255 /* Main.storyboard in Resources */,
				BF8208D91A35AE7900EC4255 /* LaunchScreen.xib in Resources */,
				BF8208D61A35AE7900EC4255 /* Images.xcassets in Resources */,
			);
			runOnlyForDeploymentPostprocessing = 0;
		};
		BF8208DC1A35AE7900EC4255 /* Resources */ = {
			isa = PBXResourcesBuildPhase;
			buildActionMask = 2147483647;
			files = (
			);
			runOnlyForDeploymentPostprocessing = 0;
		};
/* End PBXResourcesBuildPhase section */

/* Begin PBXSourcesBuildPhase section */
		BF8208C51A35AE7900EC4255 /* Sources */ = {
			isa = PBXSourcesBuildPhase;
			buildActionMask = 2147483647;
			files = (
				BF8208D11A35AE7900EC4255 /* ViewController.swift in Sources */,
				BF8208CF1A35AE7900EC4255 /* AppDelegate.swift in Sources */,
				BF7243C81A37818F00B76D40 /* VMFloatLabelTextView.swift in Sources */,
				BF7243C71A37818F00B76D40 /* VMFloatLabelTextField.swift in Sources */,
			);
			runOnlyForDeploymentPostprocessing = 0;
		};
		BF8208DA1A35AE7900EC4255 /* Sources */ = {
			isa = PBXSourcesBuildPhase;
			buildActionMask = 2147483647;
			files = (
				BF8208E51A35AE7900EC4255 /* VMFloatLabeledTests.swift in Sources */,
			);
			runOnlyForDeploymentPostprocessing = 0;
		};
/* End PBXSourcesBuildPhase section */

/* Begin PBXTargetDependency section */
		BF8208E01A35AE7900EC4255 /* PBXTargetDependency */ = {
			isa = PBXTargetDependency;
			target = BF8208C81A35AE7900EC4255 /* VMFloatLabeled */;
			targetProxy = BF8208DF1A35AE7900EC4255 /* PBXContainerItemProxy */;
		};
/* End PBXTargetDependency section */

/* Begin PBXVariantGroup section */
		BF8208D21A35AE7900EC4255 /* Main.storyboard */ = {
			isa = PBXVariantGroup;
			children = (
				BF8208D31A35AE7900EC4255 /* Base */,
			);
			name = Main.storyboard;
			sourceTree = "<group>";
		};
		BF8208D71A35AE7900EC4255 /* LaunchScreen.xib */ = {
			isa = PBXVariantGroup;
			children = (
				BF8208D81A35AE7900EC4255 /* Base */,
			);
			name = LaunchScreen.xib;
			sourceTree = "<group>";
		};
/* End PBXVariantGroup section */

/* Begin XCBuildConfiguration section */
		BF8208E61A35AE7900EC4255 /* Debug */ = {
			isa = XCBuildConfiguration;
			buildSettings = {
				ALWAYS_SEARCH_USER_PATHS = NO;
				CLANG_CXX_LANGUAGE_STANDARD = "gnu++0x";
				CLANG_CXX_LIBRARY = "libc++";
				CLANG_ENABLE_MODULES = YES;
				CLANG_ENABLE_OBJC_ARC = YES;
				CLANG_WARN_BOOL_CONVERSION = YES;
				CLANG_WARN_CONSTANT_CONVERSION = YES;
				CLANG_WARN_DIRECT_OBJC_ISA_USAGE = YES_ERROR;
				CLANG_WARN_EMPTY_BODY = YES;
				CLANG_WARN_ENUM_CONVERSION = YES;
				CLANG_WARN_INT_CONVERSION = YES;
				CLANG_WARN_OBJC_ROOT_CLASS = YES_ERROR;
				CLANG_WARN_UNREACHABLE_CODE = YES;
				CLANG_WARN__DUPLICATE_METHOD_MATCH = YES;
				"CODE_SIGN_IDENTITY[sdk=iphoneos*]" = "iPhone Developer";
				COPY_PHASE_STRIP = NO;
				ENABLE_STRICT_OBJC_MSGSEND = YES;
				GCC_C_LANGUAGE_STANDARD = gnu99;
				GCC_DYNAMIC_NO_PIC = NO;
				GCC_OPTIMIZATION_LEVEL = 0;
				GCC_PREPROCESSOR_DEFINITIONS = (
					"DEBUG=1",
					"$(inherited)",
				);
				GCC_SYMBOLS_PRIVATE_EXTERN = NO;
				GCC_WARN_64_TO_32_BIT_CONVERSION = YES;
				GCC_WARN_ABOUT_RETURN_TYPE = YES_ERROR;
				GCC_WARN_UNDECLARED_SELECTOR = YES;
				GCC_WARN_UNINITIALIZED_AUTOS = YES_AGGRESSIVE;
				GCC_WARN_UNUSED_FUNCTION = YES;
				GCC_WARN_UNUSED_VARIABLE = YES;
				IPHONEOS_DEPLOYMENT_TARGET = 8.1;
				MTL_ENABLE_DEBUG_INFO = YES;
				ONLY_ACTIVE_ARCH = YES;
				SDKROOT = iphoneos;
				SWIFT_OPTIMIZATION_LEVEL = "-Onone";
			};
			name = Debug;
		};
		BF8208E71A35AE7900EC4255 /* Release */ = {
			isa = XCBuildConfiguration;
			buildSettings = {
				ALWAYS_SEARCH_USER_PATHS = NO;
				CLANG_CXX_LANGUAGE_STANDARD = "gnu++0x";
				CLANG_CXX_LIBRARY = "libc++";
				CLANG_ENABLE_MODULES = YES;
				CLANG_ENABLE_OBJC_ARC = YES;
				CLANG_WARN_BOOL_CONVERSION = YES;
				CLANG_WARN_CONSTANT_CONVERSION = YES;
				CLANG_WARN_DIRECT_OBJC_ISA_USAGE = YES_ERROR;
				CLANG_WARN_EMPTY_BODY = YES;
				CLANG_WARN_ENUM_CONVERSION = YES;
				CLANG_WARN_INT_CONVERSION = YES;
				CLANG_WARN_OBJC_ROOT_CLASS = YES_ERROR;
				CLANG_WARN_UNREACHABLE_CODE = YES;
				CLANG_WARN__DUPLICATE_METHOD_MATCH = YES;
				"CODE_SIGN_IDENTITY[sdk=iphoneos*]" = "iPhone Developer";
				COPY_PHASE_STRIP = YES;
				ENABLE_NS_ASSERTIONS = NO;
				ENABLE_STRICT_OBJC_MSGSEND = YES;
				GCC_C_LANGUAGE_STANDARD = gnu99;
				GCC_WARN_64_TO_32_BIT_CONVERSION = YES;
				GCC_WARN_ABOUT_RETURN_TYPE = YES_ERROR;
				GCC_WARN_UNDECLARED_SELECTOR = YES;
				GCC_WARN_UNINITIALIZED_AUTOS = YES_AGGRESSIVE;
				GCC_WARN_UNUSED_FUNCTION = YES;
				GCC_WARN_UNUSED_VARIABLE = YES;
				IPHONEOS_DEPLOYMENT_TARGET = 8.1;
				MTL_ENABLE_DEBUG_INFO = NO;
				SDKROOT = iphoneos;
				VALIDATE_PRODUCT = YES;
			};
			name = Release;
		};
		BF8208E91A35AE7900EC4255 /* Debug */ = {
			isa = XCBuildConfiguration;
			buildSettings = {
				ASSETCATALOG_COMPILER_APPICON_NAME = AppIcon;
				INFOPLIST_FILE = VMFloatLabeled/Info.plist;
				LD_RUNPATH_SEARCH_PATHS = "$(inherited) @executable_path/Frameworks";
				PRODUCT_NAME = "$(TARGET_NAME)";
			};
			name = Debug;
		};
		BF8208EA1A35AE7900EC4255 /* Release */ = {
			isa = XCBuildConfiguration;
			buildSettings = {
				ASSETCATALOG_COMPILER_APPICON_NAME = AppIcon;
				INFOPLIST_FILE = VMFloatLabeled/Info.plist;
				LD_RUNPATH_SEARCH_PATHS = "$(inherited) @executable_path/Frameworks";
				PRODUCT_NAME = "$(TARGET_NAME)";
			};
			name = Release;
		};
		BF8208EC1A35AE7900EC4255 /* Debug */ = {
			isa = XCBuildConfiguration;
			buildSettings = {
				BUNDLE_LOADER = "$(TEST_HOST)";
				FRAMEWORK_SEARCH_PATHS = (
					"$(SDKROOT)/Developer/Library/Frameworks",
					"$(inherited)",
				);
				GCC_PREPROCESSOR_DEFINITIONS = (
					"DEBUG=1",
					"$(inherited)",
				);
				INFOPLIST_FILE = VMFloatLabeledTests/Info.plist;
				LD_RUNPATH_SEARCH_PATHS = "$(inherited) @executable_path/Frameworks @loader_path/Frameworks";
				PRODUCT_NAME = "$(TARGET_NAME)";
				TEST_HOST = "$(BUILT_PRODUCTS_DIR)/VMFloatLabeled.app/VMFloatLabeled";
			};
			name = Debug;
		};
		BF8208ED1A35AE7900EC4255 /* Release */ = {
			isa = XCBuildConfiguration;
			buildSettings = {
				BUNDLE_LOADER = "$(TEST_HOST)";
				FRAMEWORK_SEARCH_PATHS = (
					"$(SDKROOT)/Developer/Library/Frameworks",
					"$(inherited)",
				);
				INFOPLIST_FILE = VMFloatLabeledTests/Info.plist;
				LD_RUNPATH_SEARCH_PATHS = "$(inherited) @executable_path/Frameworks @loader_path/Frameworks";
				PRODUCT_NAME = "$(TARGET_NAME)";
				TEST_HOST = "$(BUILT_PRODUCTS_DIR)/VMFloatLabeled.app/VMFloatLabeled";
			};
			name = Release;
		};
/* End XCBuildConfiguration section */

/* Begin XCConfigurationList section */
		BF8208C41A35AE7800EC4255 /* Build configuration list for PBXProject "VMFloatLabeled" */ = {
			isa = XCConfigurationList;
			buildConfigurations = (
				BF8208E61A35AE7900EC4255 /* Debug */,
				BF8208E71A35AE7900EC4255 /* Release */,
			);
			defaultConfigurationIsVisible = 0;
			defaultConfigurationName = Release;
		};
		BF8208E81A35AE7900EC4255 /* Build configuration list for PBXNativeTarget "VMFloatLabeled" */ = {
			isa = XCConfigurationList;
			buildConfigurations = (
				BF8208E91A35AE7900EC4255 /* Debug */,
				BF8208EA1A35AE7900EC4255 /* Release */,
			);
			defaultConfigurationIsVisible = 0;
			defaultConfigurationName = Release;
		};
		BF8208EB1A35AE7900EC4255 /* Build configuration list for PBXNativeTarget "VMFloatLabeledTests" */ = {
			isa = XCConfigurationList;
			buildConfigurations = (
				BF8208EC1A35AE7900EC4255 /* Debug */,
				BF8208ED1A35AE7900EC4255 /* Release */,
			);
			defaultConfigurationIsVisible = 0;
			defaultConfigurationName = Release;
		};
/* End XCConfigurationList section */
	};
	rootObject = BF8208C11A35AE7800EC4255 /* Project object */;
}
